
Microsoft Visual Studio Solution File, Format Version 12.00
# Visual Studio 14
VisualStudioVersion = 14.0.25420.1
MinimumVisualStudioVersion = 10.0.40219.1
Project("{2150E333-8FDC-42A3-9474-1A3956D46DE8}") = "src", "src", "{EFA0CBDB-73C2-44A3-AC4F-2623F7FAEB68}"
EndProject
Project("{2150E333-8FDC-42A3-9474-1A3956D46DE8}") = "Solution Items", "Solution Items", "{5195AA0E-4F4E-44EF-A297-1CB6DBC25183}"
	ProjectSection(SolutionItems) = preProject
		global.json = global.json
	EndProjectSection
EndProject
Project("{8BB2217D-0F2D-49D1-97BC-3654ED321F3B}") = "AspNetCoreApplication", "src\AspNetCoreApplication\AspNetCoreApplication.xproj", "{C2178390-1F74-4B6C-8988-92359EEC7569}"
EndProject
Global
	GlobalSection(SolutionConfigurationPlatforms) = preSolution
		Debug|Any CPU = Debug|Any CPU
		Release|Any CPU = Release|Any CPU
	EndGlobalSection
	GlobalSection(ProjectConfigurationPlatforms) = postSolution
		{C2178390-1F74-4B6C-8988-92359EEC7569}.Debug|Any CPU.ActiveCfg = Debug|Any CPU
		{C2178390-1F74-4B6C-8988-92359EEC7569}.Debug|Any CPU.Build.0 = Debug|Any CPU
		{C2178390-1F74-4B6C-8988-92359EEC7569}.Release|Any CPU.ActiveCfg = Release|Any CPU
		{C2178390-1F74-4B6C-8988-92359EEC7569}.Release|Any CPU.Build.0 = Release|Any CPU
	EndGlobalSection
	GlobalSection(SolutionProperties) = preSolution
		HideSolutionNode = FALSE
	EndGlobalSection
	GlobalSection(NestedProjects) = preSolution
		{C2178390-1F74-4B6C-8988-92359EEC7569} = {EFA0CBDB-73C2-44A3-AC4F-2623F7FAEB68}
	EndGlobalSection
EndGlobal
